
Microsoft Visual Studio Solution File, Format Version 12.00
# Visual Studio Version 16
VisualStudioVersion = 16.0.31702.278
MinimumVisualStudioVersion = 10.0.40219.1
Project("{8BC9CEB8-8B4A-11D0-8D11-00A0C91BC942}") = "ServerMain", "src\ServerMain\ServerMain.vcxproj", "{0A615D48-111C-4E1D-8D58-461D01711D29}"
EndProject
Project("{8BC9CEB8-8B4A-11D0-8D11-00A0C91BC942}") = "ServerFunc", "src\ServerFunc\ServerFunc.vcxproj", "{38B9F974-B4A9-4E73-812E-CB185257137B}"
EndProject
Project("{8BC9CEB8-8B4A-11D0-8D11-00A0C91BC942}") = "ServerLib", "src\ServerLib\ServerLib.vcxproj", "{AB5314D5-CCFF-4E50-94CC-5D586747571F}"
EndProject
Project("{8BC9CEB8-8B4A-11D0-8D11-00A0C91BC942}") = "StreamClient", "src\Client\StreamClient\StreamClient.vcxproj", "{62CC03EC-F834-4467-BDDE-636594ECECD1}"
EndProject
Project("{2150E333-8FDC-42A3-9474-1A3956D46DE8}") = "Client", "Client", "{43F02653-0611-479F-9880-043BAFB1617C}"
EndProject
Project("{2150E333-8FDC-42A3-9474-1A3956D46DE8}") = "Server", "Server", "{99C3FB94-7CF5-49B4-898A-D5E3E787E479}"
EndProject
Project("{8BC9CEB8-8B4A-11D0-8D11-00A0C91BC942}") = "ChatClient", "src\Client\ChatClient\Client.vcxproj", "{1FA02E1A-7D39-4953-9E61-511FD507BD07}"
EndProject
Global
	GlobalSection(SolutionConfigurationPlatforms) = preSolution
		Debug|x64 = Debug|x64
		Debug|x86 = Debug|x86
		Release|x64 = Release|x64
		Release|x86 = Release|x86
	EndGlobalSection
	GlobalSection(ProjectConfigurationPlatforms) = postSolution
		{0A615D48-111C-4E1D-8D58-461D01711D29}.Debug|x64.ActiveCfg = Debug|x64
		{0A615D48-111C-4E1D-8D58-461D01711D29}.Debug|x64.Build.0 = Debug|x64
		{0A615D48-111C-4E1D-8D58-461D01711D29}.Debug|x86.ActiveCfg = Debug|Win32
		{0A615D48-111C-4E1D-8D58-461D01711D29}.Debug|x86.Build.0 = Debug|Win32
		{0A615D48-111C-4E1D-8D58-461D01711D29}.Release|x64.ActiveCfg = Release|x64
		{0A615D48-111C-4E1D-8D58-461D01711D29}.Release|x64.Build.0 = Release|x64
		{0A615D48-111C-4E1D-8D58-461D01711D29}.Release|x86.ActiveCfg = Release|Win32
		{0A615D48-111C-4E1D-8D58-461D01711D29}.Release|x86.Build.0 = Release|Win32
		{38B9F974-B4A9-4E73-812E-CB185257137B}.Debug|x64.ActiveCfg = Debug|x64
		{38B9F974-B4A9-4E73-812E-CB185257137B}.Debug|x64.Build.0 = Debug|x64
		{38B9F974-B4A9-4E73-812E-CB185257137B}.Debug|x86.ActiveCfg = Debug|Win32
		{38B9F974-B4A9-4E73-812E-CB185257137B}.Debug|x86.Build.0 = Debug|Win32
		{38B9F974-B4A9-4E73-812E-CB185257137B}.Release|x64.ActiveCfg = Release|x64
		{38B9F974-B4A9-4E73-812E-CB185257137B}.Release|x64.Build.0 = Release|x64
		{38B9F974-B4A9-4E73-812E-CB185257137B}.Release|x86.ActiveCfg = Release|Win32
		{38B9F974-B4A9-4E73-812E-CB185257137B}.Release|x86.Build.0 = Release|Win32
		{AB5314D5-CCFF-4E50-94CC-5D586747571F}.Debug|x64.ActiveCfg = Debug|x64
		{AB5314D5-CCFF-4E50-94CC-5D586747571F}.Debug|x64.Build.0 = Debug|x64
		{AB5314D5-CCFF-4E50-94CC-5D586747571F}.Debug|x86.ActiveCfg = Debug|Win32
		{AB5314D5-CCFF-4E50-94CC-5D586747571F}.Debug|x86.Build.0 = Debug|Win32
		{AB5314D5-CCFF-4E50-94CC-5D586747571F}.Release|x64.ActiveCfg = Release|x64
		{AB5314D5-CCFF-4E50-94CC-5D586747571F}.Release|x64.Build.0 = Release|x64
		{AB5314D5-CCFF-4E50-94CC-5D586747571F}.Release|x86.ActiveCfg = Release|Win32
		{AB5314D5-CCFF-4E50-94CC-5D586747571F}.Release|x86.Build.0 = Release|Win32
		{62CC03EC-F834-4467-BDDE-636594ECECD1}.Debug|x64.ActiveCfg = Debug|x64
		{62CC03EC-F834-4467-BDDE-636594ECECD1}.Debug|x64.Build.0 = Debug|x64
		{62CC03EC-F834-4467-BDDE-636594ECECD1}.Debug|x86.ActiveCfg = Debug|Win32
		{62CC03EC-F834-4467-BDDE-636594ECECD1}.Debug|x86.Build.0 = Debug|Win32
		{62CC03EC-F834-4467-BDDE-636594ECECD1}.Release|x64.ActiveCfg = Release|x64
		{62CC03EC-F834-4467-BDDE-636594ECECD1}.Release|x64.Build.0 = Release|x64
		{62CC03EC-F834-4467-BDDE-636594ECECD1}.Release|x86.ActiveCfg = Release|Win32
		{62CC03EC-F834-4467-BDDE-636594ECECD1}.Release|x86.Build.0 = Release|Win32
		{1FA02E1A-7D39-4953-9E61-511FD507BD07}.Debug|x64.ActiveCfg = Debug|x64
		{1FA02E1A-7D39-4953-9E61-511FD507BD07}.Debug|x64.Build.0 = Debug|x64
		{1FA02E1A-7D39-4953-9E61-511FD507BD07}.Debug|x86.ActiveCfg = Debug|Win32
		{1FA02E1A-7D39-4953-9E61-511FD507BD07}.Debug|x86.Build.0 = Debug|Win32
		{1FA02E1A-7D39-4953-9E61-511FD507BD07}.Release|x64.ActiveCfg = Release|x64
		{1FA02E1A-7D39-4953-9E61-511FD507BD07}.Release|x64.Build.0 = Release|x64
		{1FA02E1A-7D39-4953-9E61-511FD507BD07}.Release|x86.ActiveCfg = Release|Win32
		{1FA02E1A-7D39-4953-9E61-511FD507BD07}.Release|x86.Build.0 = Release|Win32
	EndGlobalSection
	GlobalSection(SolutionProperties) = preSolution
		HideSolutionNode = FALSE
	EndGlobalSection
	GlobalSection(NestedProjects) = preSolution
		{0A615D48-111C-4E1D-8D58-461D01711D29} = {99C3FB94-7CF5-49B4-898A-D5E3E787E479}
		{38B9F974-B4A9-4E73-812E-CB185257137B} = {99C3FB94-7CF5-49B4-898A-D5E3E787E479}
		{AB5314D5-CCFF-4E50-94CC-5D586747571F} = {99C3FB94-7CF5-49B4-898A-D5E3E787E479}
		{62CC03EC-F834-4467-BDDE-636594ECECD1} = {43F02653-0611-479F-9880-043BAFB1617C}
		{1FA02E1A-7D39-4953-9E61-511FD507BD07} = {43F02653-0611-479F-9880-043BAFB1617C}
	EndGlobalSection
	GlobalSection(ExtensibilityGlobals) = postSolution
		SolutionGuid = {4EA72BFD-E58C-475D-B2C9-8CD796E7CF98}
	EndGlobalSection
EndGlobal
